schema: '2.0'
stages:
  train:
    cmd: "python train.py --csv_path birds_3000.csv --batch_size 64 --epochs 5 --lr
      5e-05 --model_path models/model.pt\n"
    deps:
    - path: birds_3000.csv
      hash: md5
      md5: 9b5517b4c6c4858fd9d26879b4fdadb3
      size: 378719
    - path: data/images
      hash: md5
      md5: b78507fb0b88b0b0b6b8e5940d935780.dir
      size: 143406188
      nfiles: 2853
    - path: dataset.py
      hash: md5
      md5: bab6b2ca7e9d4e7196f35ed00cae1ef6
      size: 1961
    - path: model.py
      hash: md5
      md5: a9fc607bbfc65342641e846c6c0fb640
      size: 598
    - path: train.py
      hash: md5
      md5: 74651a2a97fc0e0d246fd214b5e55825
      size: 3327
    params:
      params.yaml:
        train.batch_size: 64
        train.epochs: 5
        train.lr: 5e-05
    outs:
    - path: models/model.pt
      hash: md5
      md5: 9e352d301e8fc835549fda5133fca92a
      size: 44788811
